<?xml version="1.0" encoding="utf-8"?>
<Project ToolsVersion="4.0" xmlns="http://schemas.microsoft.com/developer/msbuild/2003">
  <ItemGroup>
    <Filter Include="Source Files">
      <UniqueIdentifier>{4FC737F1-C7A5-4376-A066-2A32D752A2FF}</UniqueIdentifier>
      <Extensions>cpp;c;cc;cxx;def;odl;idl;hpj;bat;asm;asmx</Extensions>
    </Filter>
    <Filter Include="Header Files">
      <UniqueIdentifier>{93995380-89BD-4b04-88EB-625FBE52EBFB}</UniqueIdentifier>
      <Extensions>h;hpp;hxx;hm;inl;inc;xsd</Extensions>
    </Filter>
    <Filter Include="Resource Files">
      <UniqueIdentifier>{67DA6AB6-F800-4c08-8B7A-83BB121AAD01}</UniqueIdentifier>
      <Extensions>rc;ico;cur;bmp;dlg;rc2;rct;bin;rgs;gif;jpg;jpeg;jpe;resx;tiff;tif;png;wav;mfcribbon-ms</Extensions>
    </Filter>
    <Filter Include="Source Files\Modbus">
      <UniqueIdentifier>{2f4de4ec-5ada-44ab-95a2-8a706cb014b0}</UniqueIdentifier>
    </Filter>
    <Filter Include="Header Files\Modbus">
      <UniqueIdentifier>{9749e32c-0cd4-41ec-b2e6-5be9f74be677}</UniqueIdentifier>
    </Filter>
  </ItemGroup>
  <ItemGroup>
    <ClCompile Include="SourceFiles\InformationObject.cpp">
      <Filter>Source Files</Filter>
    </ClCompile>
    <ClCompile Include="SourceFiles\LoggingHandler.cpp">
      <Filter>Source Files</Filter>
    </ClCompile>
    <ClCompile Include="SourceFiles\main.cpp">
      <Filter>Source Files</Filter>
    </ClCompile>
    <ClCompile Include="SourceFiles\ModbusMasterHandler.cpp">
      <Filter>Source Files</Filter>
    </ClCompile>
    <ClCompile Include="SourceFiles\RTDB.cpp">
      <Filter>Source Files</Filter>
    </ClCompile>
    <ClCompile Include="SourceFiles\SqliteHelper.cpp">
      <Filter>Source Files</Filter>
    </ClCompile>
    <ClCompile Include="SourceFiles\modbus\modbus.c">
      <Filter>Source Files\Modbus</Filter>
    </ClCompile>
    <ClCompile Include="SourceFiles\modbus\modbus-data.c">
      <Filter>Source Files\Modbus</Filter>
    </ClCompile>
    <ClCompile Include="SourceFiles\modbus\modbus-rtu.c">
      <Filter>Source Files\Modbus</Filter>
    </ClCompile>
    <ClCompile Include="SourceFiles\modbus\modbus-tcp.c">
      <Filter>Source Files\Modbus</Filter>
    </ClCompile>
    <ClCompile Include="sqlite\sqlite3.c">
      <Filter>Source Files</Filter>
    </ClCompile>
  </ItemGroup>
  <ItemGroup>
    <ClInclude Include="HeaderFiles\InformationObject.h">
      <Filter>Header Files</Filter>
    </ClInclude>
    <ClInclude Include="HeaderFiles\LoggingHandler.h">
      <Filter>Header Files</Filter>
    </ClInclude>
    <ClInclude Include="HeaderFiles\ModbusExtension.h">
      <Filter>Header Files</Filter>
    </ClInclude>
    <ClInclude Include="HeaderFiles\ModbusExtensionGroup.h">
      <Filter>Header Files</Filter>
    </ClInclude>
    <ClInclude Include="HeaderFiles\ModbusMasterHandler.h">
      <Filter>Header Files</Filter>
    </ClInclude>
    <ClInclude Include="HeaderFiles\RTDB.h">
      <Filter>Header Files</Filter>
    </ClInclude>
    <ClInclude Include="HeaderFiles\sqlite3.h">
      <Filter>Header Files</Filter>
    </ClInclude>
    <ClInclude Include="HeaderFiles\SqliteHelper.h">
      <Filter>Header Files</Filter>
    </ClInclude>
    <ClInclude Include="HeaderFiles\Value.h">
      <Filter>Header Files</Filter>
    </ClInclude>
    <ClInclude Include="HeaderFiles\modbus\modbus.h">
      <Filter>Header Files\Modbus</Filter>
    </ClInclude>
    <ClInclude Include="HeaderFiles\modbus\modbus-private.h">
      <Filter>Header Files\Modbus</Filter>
    </ClInclude>
    <ClInclude Include="HeaderFiles\modbus\modbus-rtu.h">
      <Filter>Header Files\Modbus</Filter>
    </ClInclude>
    <ClInclude Include="HeaderFiles\modbus\modbus-rtu-private.h">
      <Filter>Header Files\Modbus</Filter>
    </ClInclude>
    <ClInclude Include="HeaderFiles\modbus\modbus-tcp.h">
      <Filter>Header Files\Modbus</Filter>
    </ClInclude>
    <ClInclude Include="HeaderFiles\modbus\modbus-tcp-private.h">
      <Filter>Header Files\Modbus</Filter>
    </ClInclude>
    <ClInclude Include="HeaderFiles\modbus\modbus-version.h">
      <Filter>Header Files\Modbus</Filter>
    </ClInclude>
  </ItemGroup>
</Project>